
Microsoft Visual Studio Solution File, Format Version 12.00
# Visual Studio Version 17
VisualStudioVersion = 17.3.32929.385
MinimumVisualStudioVersion = 10.0.40219.1
Project("{FAE04EC0-301F-11D3-BF4B-00C04F79EFBC}") = "LeetCode_RomanToAscii", "LeetCode_RomanToAscii\LeetCode_RomanToAscii.csproj", "{0F1C4746-B5CC-464B-AA99-17B4F8F41D22}"
EndProject
Global
	GlobalSection(SolutionConfigurationPlatforms) = preSolution
		Debug|Any CPU = Debug|Any CPU
		Release|Any CPU = Release|Any CPU
	EndGlobalSection
	GlobalSection(ProjectConfigurationPlatforms) = postSolution
		{0F1C4746-B5CC-464B-AA99-17B4F8F41D22}.Debug|Any CPU.ActiveCfg = Debug|Any CPU
		{0F1C4746-B5CC-464B-AA99-17B4F8F41D22}.Debug|Any CPU.Build.0 = Debug|Any CPU
		{0F1C4746-B5CC-464B-AA99-17B4F8F41D22}.Release|Any CPU.ActiveCfg = Release|Any CPU
		{0F1C4746-B5CC-464B-AA99-17B4F8F41D22}.Release|Any CPU.Build.0 = Release|Any CPU
	EndGlobalSection
	GlobalSection(SolutionProperties) = preSolution
		HideSolutionNode = FALSE
	EndGlobalSection
	GlobalSection(ExtensibilityGlobals) = postSolution
		SolutionGuid = {E689CAE4-BDFD-4C40-B9F7-AC4D66571BD3}
	EndGlobalSection
EndGlobal
